
Microsoft Visual Studio Solution File, Format Version 12.00
# Visual Studio Version 17
VisualStudioVersion = 17.4.33213.308
MinimumVisualStudioVersion = 10.0.40219.1
Project("{8BC9CEB8-8B4A-11D0-8D11-00A0C91BC942}") = "Arrays", "Arrays\Arrays.vcxproj", "{203C6A41-7F1A-4641-BF2D-E4BAE64E0AB5}"
EndProject
Project("{8BC9CEB8-8B4A-11D0-8D11-00A0C91BC942}") = "UnitTests", "UnitTests\UnitTests.vcxproj", "{ECCDE70F-84CA-48F0-89C4-57BD1FB19E2A}"
EndProject
Project("{8BC9CEB8-8B4A-11D0-8D11-00A0C91BC942}") = "Main", "Main\Main.vcxproj", "{55613E66-8933-4A82-B75B-0C412D2F6557}"
EndProject
Project("{8BC9CEB8-8B4A-11D0-8D11-00A0C91BC942}") = "LinkedList", "LinkedList\LinkedList.vcxproj", "{9814F7BF-E297-4C41-AAA9-F6311AC92F63}"
EndProject
Global
	GlobalSection(SolutionConfigurationPlatforms) = preSolution
		Debug|x64 = Debug|x64
		Debug|x86 = Debug|x86
		Release|x64 = Release|x64
		Release|x86 = Release|x86
	EndGlobalSection
	GlobalSection(ProjectConfigurationPlatforms) = postSolution
		{203C6A41-7F1A-4641-BF2D-E4BAE64E0AB5}.Debug|x64.ActiveCfg = Debug|x64
		{203C6A41-7F1A-4641-BF2D-E4BAE64E0AB5}.Debug|x64.Build.0 = Debug|x64
		{203C6A41-7F1A-4641-BF2D-E4BAE64E0AB5}.Debug|x86.ActiveCfg = Debug|Win32
		{203C6A41-7F1A-4641-BF2D-E4BAE64E0AB5}.Debug|x86.Build.0 = Debug|Win32
		{203C6A41-7F1A-4641-BF2D-E4BAE64E0AB5}.Release|x64.ActiveCfg = Release|x64
		{203C6A41-7F1A-4641-BF2D-E4BAE64E0AB5}.Release|x64.Build.0 = Release|x64
		{203C6A41-7F1A-4641-BF2D-E4BAE64E0AB5}.Release|x86.ActiveCfg = Release|Win32
		{203C6A41-7F1A-4641-BF2D-E4BAE64E0AB5}.Release|x86.Build.0 = Release|Win32
		{ECCDE70F-84CA-48F0-89C4-57BD1FB19E2A}.Debug|x64.ActiveCfg = Debug|x64
		{ECCDE70F-84CA-48F0-89C4-57BD1FB19E2A}.Debug|x64.Build.0 = Debug|x64
		{ECCDE70F-84CA-48F0-89C4-57BD1FB19E2A}.Debug|x86.ActiveCfg = Debug|Win32
		{ECCDE70F-84CA-48F0-89C4-57BD1FB19E2A}.Debug|x86.Build.0 = Debug|Win32
		{ECCDE70F-84CA-48F0-89C4-57BD1FB19E2A}.Release|x64.ActiveCfg = Release|x64
		{ECCDE70F-84CA-48F0-89C4-57BD1FB19E2A}.Release|x64.Build.0 = Release|x64
		{ECCDE70F-84CA-48F0-89C4-57BD1FB19E2A}.Release|x86.ActiveCfg = Release|Win32
		{ECCDE70F-84CA-48F0-89C4-57BD1FB19E2A}.Release|x86.Build.0 = Release|Win32
		{55613E66-8933-4A82-B75B-0C412D2F6557}.Debug|x64.ActiveCfg = Debug|x64
		{55613E66-8933-4A82-B75B-0C412D2F6557}.Debug|x64.Build.0 = Debug|x64
		{55613E66-8933-4A82-B75B-0C412D2F6557}.Debug|x86.ActiveCfg = Debug|Win32
		{55613E66-8933-4A82-B75B-0C412D2F6557}.Debug|x86.Build.0 = Debug|Win32
		{55613E66-8933-4A82-B75B-0C412D2F6557}.Release|x64.ActiveCfg = Release|x64
		{55613E66-8933-4A82-B75B-0C412D2F6557}.Release|x64.Build.0 = Release|x64
		{55613E66-8933-4A82-B75B-0C412D2F6557}.Release|x86.ActiveCfg = Release|Win32
		{55613E66-8933-4A82-B75B-0C412D2F6557}.Release|x86.Build.0 = Release|Win32
		{9814F7BF-E297-4C41-AAA9-F6311AC92F63}.Debug|x64.ActiveCfg = Debug|x64
		{9814F7BF-E297-4C41-AAA9-F6311AC92F63}.Debug|x64.Build.0 = Debug|x64
		{9814F7BF-E297-4C41-AAA9-F6311AC92F63}.Debug|x86.ActiveCfg = Debug|Win32
		{9814F7BF-E297-4C41-AAA9-F6311AC92F63}.Debug|x86.Build.0 = Debug|Win32
		{9814F7BF-E297-4C41-AAA9-F6311AC92F63}.Release|x64.ActiveCfg = Release|x64
		{9814F7BF-E297-4C41-AAA9-F6311AC92F63}.Release|x64.Build.0 = Release|x64
		{9814F7BF-E297-4C41-AAA9-F6311AC92F63}.Release|x86.ActiveCfg = Release|Win32
		{9814F7BF-E297-4C41-AAA9-F6311AC92F63}.Release|x86.Build.0 = Release|Win32
	EndGlobalSection
	GlobalSection(SolutionProperties) = preSolution
		HideSolutionNode = FALSE
	EndGlobalSection
	GlobalSection(ExtensibilityGlobals) = postSolution
		SolutionGuid = {53355C90-A360-4FB9-A558-98C639800DE3}
	EndGlobalSection
EndGlobal
